
Microsoft Visual Studio Solution File, Format Version 12.00
# Visual Studio Version 16
VisualStudioVersion = 16.0.30621.155
MinimumVisualStudioVersion = 10.0.40219.1
Project("{FAE04EC0-301F-11D3-BF4B-00C04F79EFBC}") = "WebAPI", "WebAPI.csproj", "{0079EAB5-E45A-440B-AA86-FF2F603F3BCE}"
EndProject
Global
	GlobalSection(SolutionConfigurationPlatforms) = preSolution
		Debug|Any CPU = Debug|Any CPU
		Release|Any CPU = Release|Any CPU
	EndGlobalSection
	GlobalSection(ProjectConfigurationPlatforms) = postSolution
		{0079EAB5-E45A-440B-AA86-FF2F603F3BCE}.Debug|Any CPU.ActiveCfg = Debug|Any CPU
		{0079EAB5-E45A-440B-AA86-FF2F603F3BCE}.Debug|Any CPU.Build.0 = Debug|Any CPU
		{0079EAB5-E45A-440B-AA86-FF2F603F3BCE}.Release|Any CPU.ActiveCfg = Release|Any CPU
		{0079EAB5-E45A-440B-AA86-FF2F603F3BCE}.Release|Any CPU.Build.0 = Release|Any CPU
	EndGlobalSection
	GlobalSection(SolutionProperties) = preSolution
		HideSolutionNode = FALSE
	EndGlobalSection
	GlobalSection(ExtensibilityGlobals) = postSolution
		SolutionGuid = {30B337E0-AB70-4D6A-8109-761643F1102E}
	EndGlobalSection
EndGlobal
